
Microsoft Visual Studio Solution File, Format Version 12.00
# Visual Studio 15
VisualStudioVersion = 15.0.28307.539
MinimumVisualStudioVersion = 10.0.40219.1
Project("{FAE04EC0-301F-11D3-BF4B-00C04F79EFBC}") = "Lands.Android", "Lands\Lands.Android\Lands.Android.csproj", "{11F3FC12-53D7-4E41-BF9B-50AAA4B132B7}"
EndProject
Project("{FAE04EC0-301F-11D3-BF4B-00C04F79EFBC}") = "Lands.iOS", "Lands\Lands.iOS\Lands.iOS.csproj", "{570E4680-7D88-4D89-B4FD-D5CDDD681EA9}"
EndProject
Project("{FAE04EC0-301F-11D3-BF4B-00C04F79EFBC}") = "Lands", "Lands\Lands\Lands.csproj", "{4EF0EC60-F4FB-4983-BAA9-04B9EE3C2FFB}"
EndProject
Global
	GlobalSection(SolutionConfigurationPlatforms) = preSolution
		Ad-Hoc|Any CPU = Ad-Hoc|Any CPU
		Ad-Hoc|iPhone = Ad-Hoc|iPhone
		Ad-Hoc|iPhoneSimulator = Ad-Hoc|iPhoneSimulator
		AppStore|Any CPU = AppStore|Any CPU
		AppStore|iPhone = AppStore|iPhone
		AppStore|iPhoneSimulator = AppStore|iPhoneSimulator
		Debug|Any CPU = Debug|Any CPU
		Debug|iPhone = Debug|iPhone
		Debug|iPhoneSimulator = Debug|iPhoneSimulator
		Release|Any CPU = Release|Any CPU
		Release|iPhone = Release|iPhone
		Release|iPhoneSimulator = Release|iPhoneSimulator
	EndGlobalSection
	GlobalSection(ProjectConfigurationPlatforms) = postSolution
		{11F3FC12-53D7-4E41-BF9B-50AAA4B132B7}.Ad-Hoc|Any CPU.ActiveCfg = Release|Any CPU
		{11F3FC12-53D7-4E41-BF9B-50AAA4B132B7}.Ad-Hoc|Any CPU.Build.0 = Release|Any CPU
		{11F3FC12-53D7-4E41-BF9B-50AAA4B132B7}.Ad-Hoc|Any CPU.Deploy.0 = Release|Any CPU
		{11F3FC12-53D7-4E41-BF9B-50AAA4B132B7}.Ad-Hoc|iPhone.ActiveCfg = Release|Any CPU
		{11F3FC12-53D7-4E41-BF9B-50AAA4B132B7}.Ad-Hoc|iPhone.Build.0 = Release|Any CPU
		{11F3FC12-53D7-4E41-BF9B-50AAA4B132B7}.Ad-Hoc|iPhone.Deploy.0 = Release|Any CPU
		{11F3FC12-53D7-4E41-BF9B-50AAA4B132B7}.Ad-Hoc|iPhoneSimulator.ActiveCfg = Release|Any CPU
		{11F3FC12-53D7-4E41-BF9B-50AAA4B132B7}.Ad-Hoc|iPhoneSimulator.Build.0 = Release|Any CPU
		{11F3FC12-53D7-4E41-BF9B-50AAA4B132B7}.Ad-Hoc|iPhoneSimulator.Deploy.0 = Release|Any CPU
		{11F3FC12-53D7-4E41-BF9B-50AAA4B132B7}.AppStore|Any CPU.ActiveCfg = Release|Any CPU
		{11F3FC12-53D7-4E41-BF9B-50AAA4B132B7}.AppStore|Any CPU.Build.0 = Release|Any CPU
		{11F3FC12-53D7-4E41-BF9B-50AAA4B132B7}.AppStore|Any CPU.Deploy.0 = Release|Any CPU
		{11F3FC12-53D7-4E41-BF9B-50AAA4B132B7}.AppStore|iPhone.ActiveCfg = Release|Any CPU
		{11F3FC12-53D7-4E41-BF9B-50AAA4B132B7}.AppStore|iPhone.Build.0 = Release|Any CPU
		{11F3FC12-53D7-4E41-BF9B-50AAA4B132B7}.AppStore|iPhone.Deploy.0 = Release|Any CPU
		{11F3FC12-53D7-4E41-BF9B-50AAA4B132B7}.AppStore|iPhoneSimulator.ActiveCfg = Release|Any CPU
		{11F3FC12-53D7-4E41-BF9B-50AAA4B132B7}.AppStore|iPhoneSimulator.Build.0 = Release|Any CPU
		{11F3FC12-53D7-4E41-BF9B-50AAA4B132B7}.AppStore|iPhoneSimulator.Deploy.0 = Release|Any CPU
		{11F3FC12-53D7-4E41-BF9B-50AAA4B132B7}.Debug|Any CPU.ActiveCfg = Debug|Any CPU
		{11F3FC12-53D7-4E41-BF9B-50AAA4B132B7}.Debug|Any CPU.Build.0 = Debug|Any CPU
		{11F3FC12-53D7-4E41-BF9B-50AAA4B132B7}.Debug|Any CPU.Deploy.0 = Debug|Any CPU
		{11F3FC12-53D7-4E41-BF9B-50AAA4B132B7}.Debug|iPhone.ActiveCfg = Debug|Any CPU
		{11F3FC12-53D7-4E41-BF9B-50AAA4B132B7}.Debug|iPhone.Build.0 = Debug|Any CPU
		{11F3FC12-53D7-4E41-BF9B-50AAA4B132B7}.Debug|iPhone.Deploy.0 = Debug|Any CPU
		{11F3FC12-53D7-4E41-BF9B-50AAA4B132B7}.Debug|iPhoneSimulator.ActiveCfg = Debug|Any CPU
		{11F3FC12-53D7-4E41-BF9B-50AAA4B132B7}.Debug|iPhoneSimulator.Build.0 = Debug|Any CPU
		{11F3FC12-53D7-4E41-BF9B-50AAA4B132B7}.Debug|iPhoneSimulator.Deploy.0 = Debug|Any CPU
		{11F3FC12-53D7-4E41-BF9B-50AAA4B132B7}.Release|Any CPU.ActiveCfg = Release|Any CPU
		{11F3FC12-53D7-4E41-BF9B-50AAA4B132B7}.Release|Any CPU.Build.0 = Release|Any CPU
		{11F3FC12-53D7-4E41-BF9B-50AAA4B132B7}.Release|Any CPU.Deploy.0 = Release|Any CPU
		{11F3FC12-53D7-4E41-BF9B-50AAA4B132B7}.Release|iPhone.ActiveCfg = Release|Any CPU
		{11F3FC12-53D7-4E41-BF9B-50AAA4B132B7}.Release|iPhone.Build.0 = Release|Any CPU
		{11F3FC12-53D7-4E41-BF9B-50AAA4B132B7}.Release|iPhone.Deploy.0 = Release|Any CPU
		{11F3FC12-53D7-4E41-BF9B-50AAA4B132B7}.Release|iPhoneSimulator.ActiveCfg = Release|Any CPU
		{11F3FC12-53D7-4E41-BF9B-50AAA4B132B7}.Release|iPhoneSimulator.Build.0 = Release|Any CPU
		{11F3FC12-53D7-4E41-BF9B-50AAA4B132B7}.Release|iPhoneSimulator.Deploy.0 = Release|Any CPU
		{570E4680-7D88-4D89-B4FD-D5CDDD681EA9}.Ad-Hoc|Any CPU.ActiveCfg = Ad-Hoc|iPhone
		{570E4680-7D88-4D89-B4FD-D5CDDD681EA9}.Ad-Hoc|Any CPU.Build.0 = Ad-Hoc|iPhone
		{570E4680-7D88-4D89-B4FD-D5CDDD681EA9}.Ad-Hoc|Any CPU.Deploy.0 = Ad-Hoc|iPhone
		{570E4680-7D88-4D89-B4FD-D5CDDD681EA9}.Ad-Hoc|iPhone.ActiveCfg = Ad-Hoc|iPhone
		{570E4680-7D88-4D89-B4FD-D5CDDD681EA9}.Ad-Hoc|iPhone.Build.0 = Ad-Hoc|iPhone
		{570E4680-7D88-4D89-B4FD-D5CDDD681EA9}.Ad-Hoc|iPhone.Deploy.0 = Ad-Hoc|iPhone
		{570E4680-7D88-4D89-B4FD-D5CDDD681EA9}.Ad-Hoc|iPhoneSimulator.ActiveCfg = Ad-Hoc|iPhoneSimulator
		{570E4680-7D88-4D89-B4FD-D5CDDD681EA9}.Ad-Hoc|iPhoneSimulator.Build.0 = Ad-Hoc|iPhoneSimulator
		{570E4680-7D88-4D89-B4FD-D5CDDD681EA9}.Ad-Hoc|iPhoneSimulator.Deploy.0 = Ad-Hoc|iPhoneSimulator
		{570E4680-7D88-4D89-B4FD-D5CDDD681EA9}.AppStore|Any CPU.ActiveCfg = AppStore|iPhone
		{570E4680-7D88-4D89-B4FD-D5CDDD681EA9}.AppStore|Any CPU.Build.0 = AppStore|iPhone
		{570E4680-7D88-4D89-B4FD-D5CDDD681EA9}.AppStore|Any CPU.Deploy.0 = AppStore|iPhone
		{570E4680-7D88-4D89-B4FD-D5CDDD681EA9}.AppStore|iPhone.ActiveCfg = AppStore|iPhone
		{570E4680-7D88-4D89-B4FD-D5CDDD681EA9}.AppStore|iPhone.Build.0 = AppStore|iPhone
		{570E4680-7D88-4D89-B4FD-D5CDDD681EA9}.AppStore|iPhone.Deploy.0 = AppStore|iPhone
		{570E4680-7D88-4D89-B4FD-D5CDDD681EA9}.AppStore|iPhoneSimulator.ActiveCfg = AppStore|iPhoneSimulator
		{570E4680-7D88-4D89-B4FD-D5CDDD681EA9}.AppStore|iPhoneSimulator.Build.0 = AppStore|iPhoneSimulator
		{570E4680-7D88-4D89-B4FD-D5CDDD681EA9}.AppStore|iPhoneSimulator.Deploy.0 = AppStore|iPhoneSimulator
		{570E4680-7D88-4D89-B4FD-D5CDDD681EA9}.Debug|Any CPU.ActiveCfg = Debug|iPhoneSimulator
		{570E4680-7D88-4D89-B4FD-D5CDDD681EA9}.Debug|Any CPU.Build.0 = Debug|iPhoneSimulator
		{570E4680-7D88-4D89-B4FD-D5CDDD681EA9}.Debug|Any CPU.Deploy.0 = Debug|iPhoneSimulator
		{570E4680-7D88-4D89-B4FD-D5CDDD681EA9}.Debug|iPhone.ActiveCfg = Debug|iPhone
		{570E4680-7D88-4D89-B4FD-D5CDDD681EA9}.Debug|iPhone.Build.0 = Debug|iPhone
		{570E4680-7D88-4D89-B4FD-D5CDDD681EA9}.Debug|iPhone.Deploy.0 = Debug|iPhone
		{570E4680-7D88-4D89-B4FD-D5CDDD681EA9}.Debug|iPhoneSimulator.ActiveCfg = Debug|iPhoneSimulator
		{570E4680-7D88-4D89-B4FD-D5CDDD681EA9}.Debug|iPhoneSimulator.Build.0 = Debug|iPhoneSimulator
		{570E4680-7D88-4D89-B4FD-D5CDDD681EA9}.Debug|iPhoneSimulator.Deploy.0 = Debug|iPhoneSimulator
		{570E4680-7D88-4D89-B4FD-D5CDDD681EA9}.Release|Any CPU.ActiveCfg = Release|iPhone
		{570E4680-7D88-4D89-B4FD-D5CDDD681EA9}.Release|Any CPU.Build.0 = Release|iPhone
		{570E4680-7D88-4D89-B4FD-D5CDDD681EA9}.Release|Any CPU.Deploy.0 = Release|iPhone
		{570E4680-7D88-4D89-B4FD-D5CDDD681EA9}.Release|iPhone.ActiveCfg = Release|iPhone
		{570E4680-7D88-4D89-B4FD-D5CDDD681EA9}.Release|iPhone.Build.0 = Release|iPhone
		{570E4680-7D88-4D89-B4FD-D5CDDD681EA9}.Release|iPhone.Deploy.0 = Release|iPhone
		{570E4680-7D88-4D89-B4FD-D5CDDD681EA9}.Release|iPhoneSimulator.ActiveCfg = Release|iPhoneSimulator
		{570E4680-7D88-4D89-B4FD-D5CDDD681EA9}.Release|iPhoneSimulator.Build.0 = Release|iPhoneSimulator
		{570E4680-7D88-4D89-B4FD-D5CDDD681EA9}.Release|iPhoneSimulator.Deploy.0 = Release|iPhoneSimulator
		{4EF0EC60-F4FB-4983-BAA9-04B9EE3C2FFB}.Ad-Hoc|Any CPU.ActiveCfg = Debug|Any CPU
		{4EF0EC60-F4FB-4983-BAA9-04B9EE3C2FFB}.Ad-Hoc|Any CPU.Build.0 = Debug|Any CPU
		{4EF0EC60-F4FB-4983-BAA9-04B9EE3C2FFB}.Ad-Hoc|Any CPU.Deploy.0 = Debug|Any CPU
		{4EF0EC60-F4FB-4983-BAA9-04B9EE3C2FFB}.Ad-Hoc|iPhone.ActiveCfg = Debug|Any CPU
		{4EF0EC60-F4FB-4983-BAA9-04B9EE3C2FFB}.Ad-Hoc|iPhone.Build.0 = Debug|Any CPU
		{4EF0EC60-F4FB-4983-BAA9-04B9EE3C2FFB}.Ad-Hoc|iPhone.Deploy.0 = Debug|Any CPU
		{4EF0EC60-F4FB-4983-BAA9-04B9EE3C2FFB}.Ad-Hoc|iPhoneSimulator.ActiveCfg = Debug|Any CPU
		{4EF0EC60-F4FB-4983-BAA9-04B9EE3C2FFB}.Ad-Hoc|iPhoneSimulator.Build.0 = Debug|Any CPU
		{4EF0EC60-F4FB-4983-BAA9-04B9EE3C2FFB}.Ad-Hoc|iPhoneSimulator.Deploy.0 = Debug|Any CPU
		{4EF0EC60-F4FB-4983-BAA9-04B9EE3C2FFB}.AppStore|Any CPU.ActiveCfg = Debug|Any CPU
		{4EF0EC60-F4FB-4983-BAA9-04B9EE3C2FFB}.AppStore|Any CPU.Build.0 = Debug|Any CPU
		{4EF0EC60-F4FB-4983-BAA9-04B9EE3C2FFB}.AppStore|Any CPU.Deploy.0 = Debug|Any CPU
		{4EF0EC60-F4FB-4983-BAA9-04B9EE3C2FFB}.AppStore|iPhone.ActiveCfg = Debug|Any CPU
		{4EF0EC60-F4FB-4983-BAA9-04B9EE3C2FFB}.AppStore|iPhone.Build.0 = Debug|Any CPU
		{4EF0EC60-F4FB-4983-BAA9-04B9EE3C2FFB}.AppStore|iPhone.Deploy.0 = Debug|Any CPU
		{4EF0EC60-F4FB-4983-BAA9-04B9EE3C2FFB}.AppStore|iPhoneSimulator.ActiveCfg = Debug|Any CPU
		{4EF0EC60-F4FB-4983-BAA9-04B9EE3C2FFB}.AppStore|iPhoneSimulator.Build.0 = Debug|Any CPU
		{4EF0EC60-F4FB-4983-BAA9-04B9EE3C2FFB}.AppStore|iPhoneSimulator.Deploy.0 = Debug|Any CPU
		{4EF0EC60-F4FB-4983-BAA9-04B9EE3C2FFB}.Debug|Any CPU.ActiveCfg = Debug|Any CPU
		{4EF0EC60-F4FB-4983-BAA9-04B9EE3C2FFB}.Debug|Any CPU.Build.0 = Debug|Any CPU
		{4EF0EC60-F4FB-4983-BAA9-04B9EE3C2FFB}.Debug|Any CPU.Deploy.0 = Debug|Any CPU
		{4EF0EC60-F4FB-4983-BAA9-04B9EE3C2FFB}.Debug|iPhone.ActiveCfg = Debug|Any CPU
		{4EF0EC60-F4FB-4983-BAA9-04B9EE3C2FFB}.Debug|iPhone.Build.0 = Debug|Any CPU
		{4EF0EC60-F4FB-4983-BAA9-04B9EE3C2FFB}.Debug|iPhone.Deploy.0 = Debug|Any CPU
		{4EF0EC60-F4FB-4983-BAA9-04B9EE3C2FFB}.Debug|iPhoneSimulator.ActiveCfg = Debug|Any CPU
		{4EF0EC60-F4FB-4983-BAA9-04B9EE3C2FFB}.Debug|iPhoneSimulator.Build.0 = Debug|Any CPU
		{4EF0EC60-F4FB-4983-BAA9-04B9EE3C2FFB}.Debug|iPhoneSimulator.Deploy.0 = Debug|Any CPU
		{4EF0EC60-F4FB-4983-BAA9-04B9EE3C2FFB}.Release|Any CPU.ActiveCfg = Release|Any CPU
		{4EF0EC60-F4FB-4983-BAA9-04B9EE3C2FFB}.Release|Any CPU.Build.0 = Release|Any CPU
		{4EF0EC60-F4FB-4983-BAA9-04B9EE3C2FFB}.Release|Any CPU.Deploy.0 = Release|Any CPU
		{4EF0EC60-F4FB-4983-BAA9-04B9EE3C2FFB}.Release|iPhone.ActiveCfg = Release|Any CPU
		{4EF0EC60-F4FB-4983-BAA9-04B9EE3C2FFB}.Release|iPhone.Build.0 = Release|Any CPU
		{4EF0EC60-F4FB-4983-BAA9-04B9EE3C2FFB}.Release|iPhone.Deploy.0 = Release|Any CPU
		{4EF0EC60-F4FB-4983-BAA9-04B9EE3C2FFB}.Release|iPhoneSimulator.ActiveCfg = Release|Any CPU
		{4EF0EC60-F4FB-4983-BAA9-04B9EE3C2FFB}.Release|iPhoneSimulator.Build.0 = Release|Any CPU
		{4EF0EC60-F4FB-4983-BAA9-04B9EE3C2FFB}.Release|iPhoneSimulator.Deploy.0 = Release|Any CPU
	EndGlobalSection
	GlobalSection(SolutionProperties) = preSolution
		HideSolutionNode = FALSE
	EndGlobalSection
	GlobalSection(ExtensibilityGlobals) = postSolution
		SolutionGuid = {0625D3B1-E271-4FDA-AA3A-E1473734A048}
	EndGlobalSection
EndGlobal
